
Microsoft Visual Studio Solution File, Format Version 12.00
# Visual Studio 15
VisualStudioVersion = 15.0.28307.1831
MinimumVisualStudioVersion = 10.0.40219.1
Project("{FAE04EC0-301F-11D3-BF4B-00C04F79EFBC}") = "SborZayavok", "SborZayavok\SborZayavok.csproj", "{766D39B4-4C04-4070-A173-8C3A31C144F4}"
EndProject
Global
	GlobalSection(SolutionConfigurationPlatforms) = preSolution
		Debug|Any CPU = Debug|Any CPU
		Release|Any CPU = Release|Any CPU
	EndGlobalSection
	GlobalSection(ProjectConfigurationPlatforms) = postSolution
		{766D39B4-4C04-4070-A173-8C3A31C144F4}.Debug|Any CPU.ActiveCfg = Debug|Any CPU
		{766D39B4-4C04-4070-A173-8C3A31C144F4}.Debug|Any CPU.Build.0 = Debug|Any CPU
		{766D39B4-4C04-4070-A173-8C3A31C144F4}.Release|Any CPU.ActiveCfg = Release|Any CPU
		{766D39B4-4C04-4070-A173-8C3A31C144F4}.Release|Any CPU.Build.0 = Release|Any CPU
	EndGlobalSection
	GlobalSection(SolutionProperties) = preSolution
		HideSolutionNode = FALSE
	EndGlobalSection
	GlobalSection(ExtensibilityGlobals) = postSolution
		SolutionGuid = {F7B08E59-C024-45E1-8D37-6ED4B2845D74}
	EndGlobalSection
EndGlobal
